
Microsoft Visual Studio Solution File, Format Version 12.00
# Visual Studio 15
VisualStudioVersion = 15.0.28307.168
MinimumVisualStudioVersion = 10.0.40219.1
Project("{8BC9CEB8-8B4A-11D0-8D11-00A0C91BC942}") = "BroadcastTest", "BroadcastTest\BroadcastTest.vcxproj", "{8C1C8BA1-7227-42EB-8D99-55805CB53192}"
EndProject
Project("{FAE04EC0-301F-11D3-BF4B-00C04F79EFBC}") = "BroadCastDotNet", "BroadCastDotNet\BroadCastDotNet.csproj", "{F6F108AB-AA28-4729-A932-F33412FE758D}"
EndProject
Global
	GlobalSection(SolutionConfigurationPlatforms) = preSolution
		Debug|Any CPU = Debug|Any CPU
		Debug|x64 = Debug|x64
		Debug|x86 = Debug|x86
		Release|Any CPU = Release|Any CPU
		Release|x64 = Release|x64
		Release|x86 = Release|x86
	EndGlobalSection
	GlobalSection(ProjectConfigurationPlatforms) = postSolution
		{8C1C8BA1-7227-42EB-8D99-55805CB53192}.Debug|Any CPU.ActiveCfg = Debug|Win32
		{8C1C8BA1-7227-42EB-8D99-55805CB53192}.Debug|x64.ActiveCfg = Debug|x64
		{8C1C8BA1-7227-42EB-8D99-55805CB53192}.Debug|x64.Build.0 = Debug|x64
		{8C1C8BA1-7227-42EB-8D99-55805CB53192}.Debug|x86.ActiveCfg = Debug|Win32
		{8C1C8BA1-7227-42EB-8D99-55805CB53192}.Debug|x86.Build.0 = Debug|Win32
		{8C1C8BA1-7227-42EB-8D99-55805CB53192}.Release|Any CPU.ActiveCfg = Release|Win32
		{8C1C8BA1-7227-42EB-8D99-55805CB53192}.Release|x64.ActiveCfg = Release|x64
		{8C1C8BA1-7227-42EB-8D99-55805CB53192}.Release|x64.Build.0 = Release|x64
		{8C1C8BA1-7227-42EB-8D99-55805CB53192}.Release|x86.ActiveCfg = Release|Win32
		{8C1C8BA1-7227-42EB-8D99-55805CB53192}.Release|x86.Build.0 = Release|Win32
		{F6F108AB-AA28-4729-A932-F33412FE758D}.Debug|Any CPU.ActiveCfg = Debug|Any CPU
		{F6F108AB-AA28-4729-A932-F33412FE758D}.Debug|Any CPU.Build.0 = Debug|Any CPU
		{F6F108AB-AA28-4729-A932-F33412FE758D}.Debug|x64.ActiveCfg = Debug|Any CPU
		{F6F108AB-AA28-4729-A932-F33412FE758D}.Debug|x64.Build.0 = Debug|Any CPU
		{F6F108AB-AA28-4729-A932-F33412FE758D}.Debug|x86.ActiveCfg = Debug|Any CPU
		{F6F108AB-AA28-4729-A932-F33412FE758D}.Debug|x86.Build.0 = Debug|Any CPU
		{F6F108AB-AA28-4729-A932-F33412FE758D}.Release|Any CPU.ActiveCfg = Release|Any CPU
		{F6F108AB-AA28-4729-A932-F33412FE758D}.Release|Any CPU.Build.0 = Release|Any CPU
		{F6F108AB-AA28-4729-A932-F33412FE758D}.Release|x64.ActiveCfg = Release|Any CPU
		{F6F108AB-AA28-4729-A932-F33412FE758D}.Release|x64.Build.0 = Release|Any CPU
		{F6F108AB-AA28-4729-A932-F33412FE758D}.Release|x86.ActiveCfg = Release|Any CPU
		{F6F108AB-AA28-4729-A932-F33412FE758D}.Release|x86.Build.0 = Release|Any CPU
	EndGlobalSection
	GlobalSection(SolutionProperties) = preSolution
		HideSolutionNode = FALSE
	EndGlobalSection
	GlobalSection(ExtensibilityGlobals) = postSolution
		SolutionGuid = {D8304945-6381-4F1B-81C7-6831C2CACB35}
	EndGlobalSection
EndGlobal
